
Microsoft Visual Studio Solution File, Format Version 12.00
# Visual Studio Version 17
VisualStudioVersion = 17.14.36518.9 d17.14
MinimumVisualStudioVersion = 10.0.40219.1
Project("{FAE04EC0-301F-11D3-BF4B-00C04F79EFBC}") = "TodoList", "Todo\TodoList.csproj", "{8B8AF7B0-7439-4862-97AE-0EC7F42E4147}"
EndProject
Global
	GlobalSection(SolutionConfigurationPlatforms) = preSolution
		Debug|Any CPU = Debug|Any CPU
		Release|Any CPU = Release|Any CPU
	EndGlobalSection
	GlobalSection(ProjectConfigurationPlatforms) = postSolution
		{8B8AF7B0-7439-4862-97AE-0EC7F42E4147}.Debug|Any CPU.ActiveCfg = Debug|Any CPU
		{8B8AF7B0-7439-4862-97AE-0EC7F42E4147}.Debug|Any CPU.Build.0 = Debug|Any CPU
		{8B8AF7B0-7439-4862-97AE-0EC7F42E4147}.Release|Any CPU.ActiveCfg = Release|Any CPU
		{8B8AF7B0-7439-4862-97AE-0EC7F42E4147}.Release|Any CPU.Build.0 = Release|Any CPU
	EndGlobalSection
	GlobalSection(SolutionProperties) = preSolution
		HideSolutionNode = FALSE
	EndGlobalSection
	GlobalSection(ExtensibilityGlobals) = postSolution
		SolutionGuid = {84110AE0-D05B-4228-8D22-439887ADB951}
	EndGlobalSection
EndGlobal
